// !$*UTF8*$!
{
	archiveVersion = 1;
	classes = {
	};
	objectVersion = 50;
	objects = {

/* Begin PBXBuildFile section */
		ABA5B02D28A3903E9B769976 /* FaceResourceManager.m in Sources */ = {isa = PBXBuildFile; fileRef = ABA5B9E6EFF77AC1AD7009D9 /* FaceResourceManager.m */; };
		ABA5B19D132E1468D2E0C2F5 /* FacePanelView.m in Sources */ = {isa = PBXBuildFile; fileRef = ABA5BDB4DFD3CFA49E175143 /* FacePanelView.m */; };
		ABA5B1EE9369AEDADA611F38 /* Face.m in Sources */ = {isa = PBXBuildFile; fileRef = ABA5B6D7CE2739BD46656BB2 /* Face.m */; };
		ABA5B40C0672492BCAE6176C /* FaceCellViewModel.m in Sources */ = {isa = PBXBuildFile; fileRef = ABA5B2467F1A829C978DF425 /* FaceCellViewModel.m */; };
		ABA5BBE246E488B64D168C98 /* FaceCell.m in Sources */ = {isa = PBXBuildFile; fileRef = ABA5B6F5D4C98E2432BDA49C /* FaceCell.m */; };
		ABA5BF3910A6BB495778B5E5 /* FaceDownloadRequest.m in Sources */ = {isa = PBXBuildFile; fileRef = ABA5B9B62DE70EFD3CCF9737 /* FaceDownloadRequest.m */; };
		F736B6AB24C8140500B738FD /* AppDelegate.m in Sources */ = {isa = PBXBuildFile; fileRef = F736B6AA24C8140500B738FD /* AppDelegate.m */; };
		F736B6AE24C8140500B738FD /* SceneDelegate.m in Sources */ = {isa = PBXBuildFile; fileRef = F736B6AD24C8140500B738FD /* SceneDelegate.m */; };
		F736B6B124C8140500B738FD /* ViewController.m in Sources */ = {isa = PBXBuildFile; fileRef = F736B6B024C8140500B738FD /* ViewController.m */; };
		F736B6B624C8140700B738FD /* Assets.xcassets in Resources */ = {isa = PBXBuildFile; fileRef = F736B6B524C8140700B738FD /* Assets.xcassets */; };
		F736B6B924C8140700B738FD /* LaunchScreen.storyboard in Resources */ = {isa = PBXBuildFile; fileRef = F736B6B724C8140700B738FD /* LaunchScreen.storyboard */; };
		F736B6BC24C8140700B738FD /* main.m in Sources */ = {isa = PBXBuildFile; fileRef = F736B6BB24C8140700B738FD /* main.m */; };
		F786083B24C956CC0024BD61 /* FacePreviewView.m in Sources */ = {isa = PBXBuildFile; fileRef = F786083A24C956CC0024BD61 /* FacePreviewView.m */; };
		F786083E24C97A870024BD61 /* FooCell.m in Sources */ = {isa = PBXBuildFile; fileRef = F786083D24C97A870024BD61 /* FooCell.m */; };
		F786084224C97ABD0024BD61 /* BarCell.m in Sources */ = {isa = PBXBuildFile; fileRef = F786084124C97ABD0024BD61 /* BarCell.m */; };
/* End PBXBuildFile section */

/* Begin PBXFileReference section */
		ABA5B05F6F5872184FAA3946 /* FaceCellViewModel.h */ = {isa = PBXFileReference; fileEncoding = 4; lastKnownFileType = sourcecode.c.h; path = FaceCellViewModel.h; sourceTree = "<group>"; };
		ABA5B2467F1A829C978DF425 /* FaceCellViewModel.m */ = {isa = PBXFileReference; fileEncoding = 4; lastKnownFileType = sourcecode.c.objc; path = FaceCellViewModel.m; sourceTree = "<group>"; };
		ABA5B6D7CE2739BD46656BB2 /* Face.m */ = {isa = PBXFileReference; fileEncoding = 4; lastKnownFileType = sourcecode.c.objc; path = Face.m; sourceTree = "<group>"; };
		ABA5B6F5D4C98E2432BDA49C /* FaceCell.m */ = {isa = PBXFileReference; fileEncoding = 4; lastKnownFileType = sourcecode.c.objc; path = FaceCell.m; sourceTree = "<group>"; };
		ABA5B70C1EA83A4FA1C85EC8 /* Face.h */ = {isa = PBXFileReference; fileEncoding = 4; lastKnownFileType = sourcecode.c.h; path = Face.h; sourceTree = "<group>"; };
		ABA5B9B62DE70EFD3CCF9737 /* FaceDownloadRequest.m */ = {isa = PBXFileReference; fileEncoding = 4; lastKnownFileType = sourcecode.c.objc; path = FaceDownloadRequest.m; sourceTree = "<group>"; };
		ABA5B9E6EFF77AC1AD7009D9 /* FaceResourceManager.m */ = {isa = PBXFileReference; fileEncoding = 4; lastKnownFileType = sourcecode.c.objc; path = FaceResourceManager.m; sourceTree = "<group>"; };
		ABA5BA5D13040060928D9A25 /* FaceResourceManager.h */ = {isa = PBXFileReference; fileEncoding = 4; lastKnownFileType = sourcecode.c.h; path = FaceResourceManager.h; sourceTree = "<group>"; };
		ABA5BC6071D74FD5B8B3CE3D /* FaceCell.h */ = {isa = PBXFileReference; fileEncoding = 4; lastKnownFileType = sourcecode.c.h; path = FaceCell.h; sourceTree = "<group>"; };
		ABA5BDB4DFD3CFA49E175143 /* FacePanelView.m */ = {isa = PBXFileReference; fileEncoding = 4; lastKnownFileType = sourcecode.c.objc; path = FacePanelView.m; sourceTree = "<group>"; };
		ABA5BDC4D9E0D6D5E58D5896 /* FacePanelView.h */ = {isa = PBXFileReference; fileEncoding = 4; lastKnownFileType = sourcecode.c.h; path = FacePanelView.h; sourceTree = "<group>"; };
		ABA5BFF6B236CD2542AD9838 /* FaceDownloadRequest.h */ = {isa = PBXFileReference; fileEncoding = 4; lastKnownFileType = sourcecode.c.h; path = FaceDownloadRequest.h; sourceTree = "<group>"; };
		F736B6A624C8140500B738FD /* CollectionViewRookie.app */ = {isa = PBXFileReference; explicitFileType = wrapper.application; includeInIndex = 0; path = CollectionViewRookie.app; sourceTree = BUILT_PRODUCTS_DIR; };
		F736B6A924C8140500B738FD /* AppDelegate.h */ = {isa = PBXFileReference; lastKnownFileType = sourcecode.c.h; path = AppDelegate.h; sourceTree = "<group>"; };
		F736B6AA24C8140500B738FD /* AppDelegate.m */ = {isa = PBXFileReference; lastKnownFileType = sourcecode.c.objc; path = AppDelegate.m; sourceTree = "<group>"; };
		F736B6AC24C8140500B738FD /* SceneDelegate.h */ = {isa = PBXFileReference; lastKnownFileType = sourcecode.c.h; path = SceneDelegate.h; sourceTree = "<group>"; };
		F736B6AD24C8140500B738FD /* SceneDelegate.m */ = {isa = PBXFileReference; lastKnownFileType = sourcecode.c.objc; path = SceneDelegate.m; sourceTree = "<group>"; };
		F736B6AF24C8140500B738FD /* ViewController.h */ = {isa = PBXFileReference; lastKnownFileType = sourcecode.c.h; path = ViewController.h; sourceTree = "<group>"; };
		F736B6B024C8140500B738FD /* ViewController.m */ = {isa = PBXFileReference; lastKnownFileType = sourcecode.c.objc; path = ViewController.m; sourceTree = "<group>"; };
		F736B6B524C8140700B738FD /* Assets.xcassets */ = {isa = PBXFileReference; lastKnownFileType = folder.assetcatalog; path = Assets.xcassets; sourceTree = "<group>"; };
		F736B6B824C8140700B738FD /* Base */ = {isa = PBXFileReference; lastKnownFileType = file.storyboard; name = Base; path = Base.lproj/LaunchScreen.storyboard; sourceTree = "<group>"; };
		F736B6BA24C8140700B738FD /* Info.plist */ = {isa = PBXFileReference; lastKnownFileType = text.plist.xml; path = Info.plist; sourceTree = "<group>"; };
		F736B6BB24C8140700B738FD /* main.m */ = {isa = PBXFileReference; lastKnownFileType = sourcecode.c.objc; path = main.m; sourceTree = "<group>"; };
		F786083924C956CC0024BD61 /* FacePreviewView.h */ = {isa = PBXFileReference; lastKnownFileType = sourcecode.c.h; path = FacePreviewView.h; sourceTree = "<group>"; };
		F786083A24C956CC0024BD61 /* FacePreviewView.m */ = {isa = PBXFileReference; lastKnownFileType = sourcecode.c.objc; path = FacePreviewView.m; sourceTree = "<group>"; };
		F786083C24C97A870024BD61 /* FooCell.h */ = {isa = PBXFileReference; lastKnownFileType = sourcecode.c.h; path = FooCell.h; sourceTree = "<group>"; };
		F786083D24C97A870024BD61 /* FooCell.m */ = {isa = PBXFileReference; lastKnownFileType = sourcecode.c.objc; path = FooCell.m; sourceTree = "<group>"; };
		F786084024C97ABD0024BD61 /* BarCell.h */ = {isa = PBXFileReference; lastKnownFileType = sourcecode.c.h; path = BarCell.h; sourceTree = "<group>"; };
		F786084124C97ABD0024BD61 /* BarCell.m */ = {isa = PBXFileReference; lastKnownFileType = sourcecode.c.objc; path = BarCell.m; sourceTree = "<group>"; };
/* End PBXFileReference section */

/* Begin PBXFrameworksBuildPhase section */
		F736B6A324C8140500B738FD /* Frameworks */ = {
			isa = PBXFrameworksBuildPhase;
			buildActionMask = 2147483647;
			files = (
			);
			runOnlyForDeploymentPostprocessing = 0;
		};
/* End PBXFrameworksBuildPhase section */

/* Begin PBXGroup section */
		ABA5B8B98B307B83D69195FD /* FacePanelHelpers */ = {
			isa = PBXGroup;
			children = (
				ABA5BFF6B236CD2542AD9838 /* FaceDownloadRequest.h */,
				ABA5B9B62DE70EFD3CCF9737 /* FaceDownloadRequest.m */,
				ABA5BA5D13040060928D9A25 /* FaceResourceManager.h */,
				ABA5B9E6EFF77AC1AD7009D9 /* FaceResourceManager.m */,
			);
			path = FacePanelHelpers;
			sourceTree = "<group>";
		};
		ABA5BF2D90BECCBA9539E47E /* PortableFaceModules */ = {
			isa = PBXGroup;
			children = (
				ABA5B70C1EA83A4FA1C85EC8 /* Face.h */,
				ABA5B6D7CE2739BD46656BB2 /* Face.m */,
				ABA5B05F6F5872184FAA3946 /* FaceCellViewModel.h */,
				ABA5B2467F1A829C978DF425 /* FaceCellViewModel.m */,
				ABA5BDC4D9E0D6D5E58D5896 /* FacePanelView.h */,
				ABA5BDB4DFD3CFA49E175143 /* FacePanelView.m */,
			);
			path = PortableFaceModules;
			sourceTree = "<group>";
		};
		F736B69D24C8140500B738FD = {
			isa = PBXGroup;
			children = (
				F736B6A824C8140500B738FD /* CollectionViewRookie */,
				F736B6A724C8140500B738FD /* Products */,
			);
			sourceTree = "<group>";
		};
		F736B6A724C8140500B738FD /* Products */ = {
			isa = PBXGroup;
			children = (
				F736B6A624C8140500B738FD /* CollectionViewRookie.app */,
			);
			name = Products;
			sourceTree = "<group>";
		};
		F736B6A824C8140500B738FD /* CollectionViewRookie */ = {
			isa = PBXGroup;
			children = (
				F736B6A924C8140500B738FD /* AppDelegate.h */,
				F736B6AA24C8140500B738FD /* AppDelegate.m */,
				F736B6AC24C8140500B738FD /* SceneDelegate.h */,
				F736B6AD24C8140500B738FD /* SceneDelegate.m */,
				F736B6AF24C8140500B738FD /* ViewController.h */,
				F736B6B024C8140500B738FD /* ViewController.m */,
				F786083924C956CC0024BD61 /* FacePreviewView.h */,
				F786083A24C956CC0024BD61 /* FacePreviewView.m */,
				ABA5BF2D90BECCBA9539E47E /* PortableFaceModules */,
				F786083F24C97AA10024BD61 /* CollectionViewCells */,
				ABA5B8B98B307B83D69195FD /* FacePanelHelpers */,
				F736B6B524C8140700B738FD /* Assets.xcassets */,
				F736B6B724C8140700B738FD /* LaunchScreen.storyboard */,
				F736B6BA24C8140700B738FD /* Info.plist */,
				F736B6BB24C8140700B738FD /* main.m */,
			);
			path = CollectionViewRookie;
			sourceTree = "<group>";
		};
		F786083F24C97AA10024BD61 /* CollectionViewCells */ = {
			isa = PBXGroup;
			children = (
				F786083C24C97A870024BD61 /* FooCell.h */,
				F786083D24C97A870024BD61 /* FooCell.m */,
				F786084024C97ABD0024BD61 /* BarCell.h */,
				F786084124C97ABD0024BD61 /* BarCell.m */,
				ABA5BC6071D74FD5B8B3CE3D /* FaceCell.h */,
				ABA5B6F5D4C98E2432BDA49C /* FaceCell.m */,
			);
			path = CollectionViewCells;
			sourceTree = "<group>";
		};
/* End PBXGroup section */

/* Begin PBXNativeTarget section */
		F736B6A524C8140500B738FD /* CollectionViewRookie */ = {
			isa = PBXNativeTarget;
			buildConfigurationList = F736B6BF24C8140700B738FD /* Build configuration list for PBXNativeTarget "CollectionViewRookie" */;
			buildPhases = (
				F736B6A224C8140500B738FD /* Sources */,
				F736B6A324C8140500B738FD /* Frameworks */,
				F736B6A424C8140500B738FD /* Resources */,
			);
			buildRules = (
			);
			dependencies = (
			);
			name = CollectionViewRookie;
			productName = CollectionViewRookie;
			productReference = F736B6A624C8140500B738FD /* CollectionViewRookie.app */;
			productType = "com.apple.product-type.application";
		};
/* End PBXNativeTarget section */

/* Begin PBXProject section */
		F736B69E24C8140500B738FD /* Project object */ = {
			isa = PBXProject;
			attributes = {
				LastUpgradeCheck = 1160;
				ORGANIZATIONNAME = "Alan Ai";
				TargetAttributes = {
					F736B6A524C8140500B738FD = {
						CreatedOnToolsVersion = 11.6;
					};
				};
			};
			buildConfigurationList = F736B6A124C8140500B738FD /* Build configuration list for PBXProject "CollectionViewRookie" */;
			compatibilityVersion = "Xcode 9.3";
			developmentRegion = en;
			hasScannedForEncodings = 0;
			knownRegions = (
				en,
				Base,
			);
			mainGroup = F736B69D24C8140500B738FD;
			productRefGroup = F736B6A724C8140500B738FD /* Products */;
			projectDirPath = "";
			projectRoot = "";
			targets = (
				F736B6A524C8140500B738FD /* CollectionViewRookie */,
			);
		};
/* End PBXProject section */

/* Begin PBXResourcesBuildPhase section */
		F736B6A424C8140500B738FD /* Resources */ = {
			isa = PBXResourcesBuildPhase;
			buildActionMask = 2147483647;
			files = (
				F736B6B924C8140700B738FD /* LaunchScreen.storyboard in Resources */,
				F736B6B624C8140700B738FD /* Assets.xcassets in Resources */,
			);
			runOnlyForDeploymentPostprocessing = 0;
		};
/* End PBXResourcesBuildPhase section */

/* Begin PBXSourcesBuildPhase section */
		F736B6A224C8140500B738FD /* Sources */ = {
			isa = PBXSourcesBuildPhase;
			buildActionMask = 2147483647;
			files = (
				F786084224C97ABD0024BD61 /* BarCell.m in Sources */,
				F786083E24C97A870024BD61 /* FooCell.m in Sources */,
				F736B6B124C8140500B738FD /* ViewController.m in Sources */,
				F736B6AB24C8140500B738FD /* AppDelegate.m in Sources */,
				F736B6BC24C8140700B738FD /* main.m in Sources */,
				F736B6AE24C8140500B738FD /* SceneDelegate.m in Sources */,
				F786083B24C956CC0024BD61 /* FacePreviewView.m in Sources */,
				ABA5B1EE9369AEDADA611F38 /* Face.m in Sources */,
				ABA5B40C0672492BCAE6176C /* FaceCellViewModel.m in Sources */,
				ABA5B19D132E1468D2E0C2F5 /* FacePanelView.m in Sources */,
				ABA5BBE246E488B64D168C98 /* FaceCell.m in Sources */,
				ABA5BF3910A6BB495778B5E5 /* FaceDownloadRequest.m in Sources */,
				ABA5B02D28A3903E9B769976 /* FaceResourceManager.m in Sources */,
			);
			runOnlyForDeploymentPostprocessing = 0;
		};
/* End PBXSourcesBuildPhase section */

/* Begin PBXVariantGroup section */
		F736B6B724C8140700B738FD /* LaunchScreen.storyboard */ = {
			isa = PBXVariantGroup;
			children = (
				F736B6B824C8140700B738FD /* Base */,
			);
			name = LaunchScreen.storyboard;
			sourceTree = "<group>";
		};
/* End PBXVariantGroup section */

/* Begin XCBuildConfiguration section */
		F736B6BD24C8140700B738FD /* Debug */ = {
			isa = XCBuildConfiguration;
			buildSettings = {
				ALWAYS_SEARCH_USER_PATHS = NO;
				CLANG_ANALYZER_NONNULL = YES;
				CLANG_ANALYZER_NUMBER_OBJECT_CONVERSION = YES_AGGRESSIVE;
				CLANG_CXX_LANGUAGE_STANDARD = "gnu++14";
				CLANG_CXX_LIBRARY = "libc++";
				CLANG_ENABLE_MODULES = YES;
				CLANG_ENABLE_OBJC_ARC = YES;
				CLANG_ENABLE_OBJC_WEAK = YES;
				CLANG_WARN_BLOCK_CAPTURE_AUTORELEASING = YES;
				CLANG_WARN_BOOL_CONVERSION = YES;
				CLANG_WARN_COMMA = YES;
				CLANG_WARN_CONSTANT_CONVERSION = YES;
				CLANG_WARN_DEPRECATED_OBJC_IMPLEMENTATIONS = YES;
				CLANG_WARN_DIRECT_OBJC_ISA_USAGE = YES_ERROR;
				CLANG_WARN_DOCUMENTATION_COMMENTS = YES;
				CLANG_WARN_EMPTY_BODY = YES;
				CLANG_WARN_ENUM_CONVERSION = YES;
				CLANG_WARN_INFINITE_RECURSION = YES;
				CLANG_WARN_INT_CONVERSION = YES;
				CLANG_WARN_NON_LITERAL_NULL_CONVERSION = YES;
				CLANG_WARN_OBJC_IMPLICIT_RETAIN_SELF = YES;
				CLANG_WARN_OBJC_LITERAL_CONVERSION = YES;
				CLANG_WARN_OBJC_ROOT_CLASS = YES_ERROR;
				CLANG_WARN_RANGE_LOOP_ANALYSIS = YES;
				CLANG_WARN_STRICT_PROTOTYPES = YES;
				CLANG_WARN_SUSPICIOUS_MOVE = YES;
				CLANG_WARN_UNGUARDED_AVAILABILITY = YES_AGGRESSIVE;
				CLANG_WARN_UNREACHABLE_CODE = YES;
				CLANG_WARN__DUPLICATE_METHOD_MATCH = YES;
				COPY_PHASE_STRIP = NO;
				DEBUG_INFORMATION_FORMAT = dwarf;
				ENABLE_STRICT_OBJC_MSGSEND = YES;
				ENABLE_TESTABILITY = YES;
				GCC_C_LANGUAGE_STANDARD = gnu11;
				GCC_DYNAMIC_NO_PIC = NO;
				GCC_NO_COMMON_BLOCKS = YES;
				GCC_OPTIMIZATION_LEVEL = 0;
				GCC_PREPROCESSOR_DEFINITIONS = (
					"DEBUG=1",
					"$(inherited)",
				);
				GCC_WARN_64_TO_32_BIT_CONVERSION = YES;
				GCC_WARN_ABOUT_RETURN_TYPE = YES_ERROR;
				GCC_WARN_UNDECLARED_SELECTOR = YES;
				GCC_WARN_UNINITIALIZED_AUTOS = YES_AGGRESSIVE;
				GCC_WARN_UNUSED_FUNCTION = YES;
				GCC_WARN_UNUSED_VARIABLE = YES;
				IPHONEOS_DEPLOYMENT_TARGET = 13.6;
				MTL_ENABLE_DEBUG_INFO = INCLUDE_SOURCE;
				MTL_FAST_MATH = YES;
				ONLY_ACTIVE_ARCH = YES;
				SDKROOT = iphoneos;
			};
			name = Debug;
		};
		F736B6BE24C8140700B738FD /* Release */ = {
			isa = XCBuildConfiguration;
			buildSettings = {
				ALWAYS_SEARCH_USER_PATHS = NO;
				CLANG_ANALYZER_NONNULL = YES;
				CLANG_ANALYZER_NUMBER_OBJECT_CONVERSION = YES_AGGRESSIVE;
				CLANG_CXX_LANGUAGE_STANDARD = "gnu++14";
				CLANG_CXX_LIBRARY = "libc++";
				CLANG_ENABLE_MODULES = YES;
				CLANG_ENABLE_OBJC_ARC = YES;
				CLANG_ENABLE_OBJC_WEAK = YES;
				CLANG_WARN_BLOCK_CAPTURE_AUTORELEASING = YES;
				CLANG_WARN_BOOL_CONVERSION = YES;
				CLANG_WARN_COMMA = YES;
				CLANG_WARN_CONSTANT_CONVERSION = YES;
				CLANG_WARN_DEPRECATED_OBJC_IMPLEMENTATIONS = YES;
				CLANG_WARN_DIRECT_OBJC_ISA_USAGE = YES_ERROR;
				CLANG_WARN_DOCUMENTATION_COMMENTS = YES;
				CLANG_WARN_EMPTY_BODY = YES;
				CLANG_WARN_ENUM_CONVERSION = YES;
				CLANG_WARN_INFINITE_RECURSION = YES;
				CLANG_WARN_INT_CONVERSION = YES;
				CLANG_WARN_NON_LITERAL_NULL_CONVERSION = YES;
				CLANG_WARN_OBJC_IMPLICIT_RETAIN_SELF = YES;
				CLANG_WARN_OBJC_LITERAL_CONVERSION = YES;
				CLANG_WARN_OBJC_ROOT_CLASS = YES_ERROR;
				CLANG_WARN_RANGE_LOOP_ANALYSIS = YES;
				CLANG_WARN_STRICT_PROTOTYPES = YES;
				CLANG_WARN_SUSPICIOUS_MOVE = YES;
				CLANG_WARN_UNGUARDED_AVAILABILITY = YES_AGGRESSIVE;
				CLANG_WARN_UNREACHABLE_CODE = YES;
				CLANG_WARN__DUPLICATE_METHOD_MATCH = YES;
				COPY_PHASE_STRIP = NO;
				DEBUG_INFORMATION_FORMAT = "dwarf-with-dsym";
				ENABLE_NS_ASSERTIONS = NO;
				ENABLE_STRICT_OBJC_MSGSEND = YES;
				GCC_C_LANGUAGE_STANDARD = gnu11;
				GCC_NO_COMMON_BLOCKS = YES;
				GCC_WARN_64_TO_32_BIT_CONVERSION = YES;
				GCC_WARN_ABOUT_RETURN_TYPE = YES_ERROR;
				GCC_WARN_UNDECLARED_SELECTOR = YES;
				GCC_WARN_UNINITIALIZED_AUTOS = YES_AGGRESSIVE;
				GCC_WARN_UNUSED_FUNCTION = YES;
				GCC_WARN_UNUSED_VARIABLE = YES;
				IPHONEOS_DEPLOYMENT_TARGET = 13.6;
				MTL_ENABLE_DEBUG_INFO = NO;
				MTL_FAST_MATH = YES;
				SDKROOT = iphoneos;
				VALIDATE_PRODUCT = YES;
			};
			name = Release;
		};
		F736B6C024C8140700B738FD /* Debug */ = {
			isa = XCBuildConfiguration;
			buildSettings = {
				ASSETCATALOG_COMPILER_APPICON_NAME = AppIcon;
				CODE_SIGN_STYLE = Automatic;
				DEVELOPMENT_TEAM = HA5W848Q8D;
				INFOPLIST_FILE = CollectionViewRookie/Info.plist;
				LD_RUNPATH_SEARCH_PATHS = (
					"$(inherited)",
					"@executable_path/Frameworks",
				);
				PRODUCT_BUNDLE_IDENTIFIER = com.tencent.alanai.CollectionViewRookie;
				PRODUCT_NAME = "$(TARGET_NAME)";
				TARGETED_DEVICE_FAMILY = "1,2";
			};
			name = Debug;
		};
		F736B6C124C8140700B738FD /* Release */ = {
			isa = XCBuildConfiguration;
			buildSettings = {
				ASSETCATALOG_COMPILER_APPICON_NAME = AppIcon;
				CODE_SIGN_STYLE = Automatic;
				DEVELOPMENT_TEAM = HA5W848Q8D;
				INFOPLIST_FILE = CollectionViewRookie/Info.plist;
				LD_RUNPATH_SEARCH_PATHS = (
					"$(inherited)",
					"@executable_path/Frameworks",
				);
				PRODUCT_BUNDLE_IDENTIFIER = com.tencent.alanai.CollectionViewRookie;
				PRODUCT_NAME = "$(TARGET_NAME)";
				TARGETED_DEVICE_FAMILY = "1,2";
			};
			name = Release;
		};
/* End XCBuildConfiguration section */

/* Begin XCConfigurationList section */
		F736B6A124C8140500B738FD /* Build configuration list for PBXProject "CollectionViewRookie" */ = {
			isa = XCConfigurationList;
			buildConfigurations = (
				F736B6BD24C8140700B738FD /* Debug */,
				F736B6BE24C8140700B738FD /* Release */,
			);
			defaultConfigurationIsVisible = 0;
			defaultConfigurationName = Release;
		};
		F736B6BF24C8140700B738FD /* Build configuration list for PBXNativeTarget "CollectionViewRookie" */ = {
			isa = XCConfigurationList;
			buildConfigurations = (
				F736B6C024C8140700B738FD /* Debug */,
				F736B6C124C8140700B738FD /* Release */,
			);
			defaultConfigurationIsVisible = 0;
			defaultConfigurationName = Release;
		};
/* End XCConfigurationList section */
	};
	rootObject = F736B69E24C8140500B738FD /* Project object */;
}
